// !$*UTF8*$!
{
	archiveVersion = 1;
	classes = {
	};
	objectVersion = 55;
	objects = {

/* Begin PBXBuildFile section */
		0C8016A7287FC145009991C5 /* AppDelegate.swift in Sources */ = {isa = PBXBuildFile; fileRef = 0C8016A6287FC145009991C5 /* AppDelegate.swift */; };
		0C8016A9287FC145009991C5 /* SceneDelegate.swift in Sources */ = {isa = PBXBuildFile; fileRef = 0C8016A8287FC145009991C5 /* SceneDelegate.swift */; };
		0C8016AB287FC145009991C5 /* ViewController.swift in Sources */ = {isa = PBXBuildFile; fileRef = 0C8016AA287FC145009991C5 /* ViewController.swift */; };
		0C8016AE287FC145009991C5 /* Main.storyboard in Resources */ = {isa = PBXBuildFile; fileRef = 0C8016AC287FC145009991C5 /* Main.storyboard */; };
		0C8016B1287FC145009991C5 /* Test_Blitt.xcdatamodeld in Sources */ = {isa = PBXBuildFile; fileRef = 0C8016AF287FC145009991C5 /* Test_Blitt.xcdatamodeld */; };
		0C8016B3287FC146009991C5 /* Assets.xcassets in Resources */ = {isa = PBXBuildFile; fileRef = 0C8016B2287FC146009991C5 /* Assets.xcassets */; };
		0C8016B6287FC146009991C5 /* LaunchScreen.storyboard in Resources */ = {isa = PBXBuildFile; fileRef = 0C8016B4287FC146009991C5 /* LaunchScreen.storyboard */; };
		0C8016C1287FC146009991C5 /* Test_BlittTests.swift in Sources */ = {isa = PBXBuildFile; fileRef = 0C8016C0287FC146009991C5 /* Test_BlittTests.swift */; };
		0C8016CB287FC146009991C5 /* Test_BlittUITests.swift in Sources */ = {isa = PBXBuildFile; fileRef = 0C8016CA287FC146009991C5 /* Test_BlittUITests.swift */; };
		0C8016CD287FC146009991C5 /* Test_BlittUITestsLaunchTests.swift in Sources */ = {isa = PBXBuildFile; fileRef = 0C8016CC287FC146009991C5 /* Test_BlittUITestsLaunchTests.swift */; };
/* End PBXBuildFile section */

/* Begin PBXContainerItemProxy section */
		0C8016BD287FC146009991C5 /* PBXContainerItemProxy */ = {
			isa = PBXContainerItemProxy;
			containerPortal = 0C80169B287FC145009991C5 /* Project object */;
			proxyType = 1;
			remoteGlobalIDString = 0C8016A2287FC145009991C5;
			remoteInfo = "Test Blitt";
		};
		0C8016C7287FC146009991C5 /* PBXContainerItemProxy */ = {
			isa = PBXContainerItemProxy;
			containerPortal = 0C80169B287FC145009991C5 /* Project object */;
			proxyType = 1;
			remoteGlobalIDString = 0C8016A2287FC145009991C5;
			remoteInfo = "Test Blitt";
		};
/* End PBXContainerItemProxy section */

/* Begin PBXFileReference section */
		0C8016A3287FC145009991C5 /* Test Blitt.app */ = {isa = PBXFileReference; explicitFileType = wrapper.application; includeInIndex = 0; path = "Test Blitt.app"; sourceTree = BUILT_PRODUCTS_DIR; };
		0C8016A6287FC145009991C5 /* AppDelegate.swift */ = {isa = PBXFileReference; lastKnownFileType = sourcecode.swift; path = AppDelegate.swift; sourceTree = "<group>"; };
		0C8016A8287FC145009991C5 /* SceneDelegate.swift */ = {isa = PBXFileReference; lastKnownFileType = sourcecode.swift; path = SceneDelegate.swift; sourceTree = "<group>"; };
		0C8016AA287FC145009991C5 /* ViewController.swift */ = {isa = PBXFileReference; lastKnownFileType = sourcecode.swift; path = ViewController.swift; sourceTree = "<group>"; };
		0C8016AD287FC145009991C5 /* Base */ = {isa = PBXFileReference; lastKnownFileType = file.storyboard; name = Base; path = Base.lproj/Main.storyboard; sourceTree = "<group>"; };
		0C8016B0287FC145009991C5 /* Test_Blitt.xcdatamodel */ = {isa = PBXFileReference; lastKnownFileType = wrapper.xcdatamodel; path = Test_Blitt.xcdatamodel; sourceTree = "<group>"; };
		0C8016B2287FC146009991C5 /* Assets.xcassets */ = {isa = PBXFileReference; lastKnownFileType = folder.assetcatalog; path = Assets.xcassets; sourceTree = "<group>"; };
		0C8016B5287FC146009991C5 /* Base */ = {isa = PBXFileReference; lastKnownFileType = file.storyboard; name = Base; path = Base.lproj/LaunchScreen.storyboard; sourceTree = "<group>"; };
		0C8016B7287FC146009991C5 /* Info.plist */ = {isa = PBXFileReference; lastKnownFileType = text.plist.xml; path = Info.plist; sourceTree = "<group>"; };
		0C8016BC287FC146009991C5 /* Test BlittTests.xctest */ = {isa = PBXFileReference; explicitFileType = wrapper.cfbundle; includeInIndex = 0; path = "Test BlittTests.xctest"; sourceTree = BUILT_PRODUCTS_DIR; };
		0C8016C0287FC146009991C5 /* Test_BlittTests.swift */ = {isa = PBXFileReference; lastKnownFileType = sourcecode.swift; path = Test_BlittTests.swift; sourceTree = "<group>"; };
		0C8016C6287FC146009991C5 /* Test BlittUITests.xctest */ = {isa = PBXFileReference; explicitFileType = wrapper.cfbundle; includeInIndex = 0; path = "Test BlittUITests.xctest"; sourceTree = BUILT_PRODUCTS_DIR; };
		0C8016CA287FC146009991C5 /* Test_BlittUITests.swift */ = {isa = PBXFileReference; lastKnownFileType = sourcecode.swift; path = Test_BlittUITests.swift; sourceTree = "<group>"; };
		0C8016CC287FC146009991C5 /* Test_BlittUITestsLaunchTests.swift */ = {isa = PBXFileReference; lastKnownFileType = sourcecode.swift; path = Test_BlittUITestsLaunchTests.swift; sourceTree = "<group>"; };
/* End PBXFileReference section */

/* Begin PBXFrameworksBuildPhase section */
		0C8016A0287FC145009991C5 /* Frameworks */ = {
			isa = PBXFrameworksBuildPhase;
			buildActionMask = 2147483647;
			files = (
			);
			runOnlyForDeploymentPostprocessing = 0;
		};
		0C8016B9287FC146009991C5 /* Frameworks */ = {
			isa = PBXFrameworksBuildPhase;
			buildActionMask = 2147483647;
			files = (
			);
			runOnlyForDeploymentPostprocessing = 0;
		};
		0C8016C3287FC146009991C5 /* Frameworks */ = {
			isa = PBXFrameworksBuildPhase;
			buildActionMask = 2147483647;
			files = (
			);
			runOnlyForDeploymentPostprocessing = 0;
		};
/* End PBXFrameworksBuildPhase section */

/* Begin PBXGroup section */
		0C80169A287FC145009991C5 = {
			isa = PBXGroup;
			children = (
				0C8016A5287FC145009991C5 /* Test Blitt */,
				0C8016BF287FC146009991C5 /* Test BlittTests */,
				0C8016C9287FC146009991C5 /* Test BlittUITests */,
				0C8016A4287FC145009991C5 /* Products */,
			);
			sourceTree = "<group>";
		};
		0C8016A4287FC145009991C5 /* Products */ = {
			isa = PBXGroup;
			children = (
				0C8016A3287FC145009991C5 /* Test Blitt.app */,
				0C8016BC287FC146009991C5 /* Test BlittTests.xctest */,
				0C8016C6287FC146009991C5 /* Test BlittUITests.xctest */,
			);
			name = Products;
			sourceTree = "<group>";
		};
		0C8016A5287FC145009991C5 /* Test Blitt */ = {
			isa = PBXGroup;
			children = (
				0C8016A6287FC145009991C5 /* AppDelegate.swift */,
				0C8016A8287FC145009991C5 /* SceneDelegate.swift */,
				0C8016AA287FC145009991C5 /* ViewController.swift */,
				0C8016AC287FC145009991C5 /* Main.storyboard */,
				0C8016B2287FC146009991C5 /* Assets.xcassets */,
				0C8016B4287FC146009991C5 /* LaunchScreen.storyboard */,
				0C8016B7287FC146009991C5 /* Info.plist */,
				0C8016AF287FC145009991C5 /* Test_Blitt.xcdatamodeld */,
			);
			path = "Test Blitt";
			sourceTree = "<group>";
		};
		0C8016BF287FC146009991C5 /* Test BlittTests */ = {
			isa = PBXGroup;
			children = (
				0C8016C0287FC146009991C5 /* Test_BlittTests.swift */,
			);
			path = "Test BlittTests";
			sourceTree = "<group>";
		};
		0C8016C9287FC146009991C5 /* Test BlittUITests */ = {
			isa = PBXGroup;
			children = (
				0C8016CA287FC146009991C5 /* Test_BlittUITests.swift */,
				0C8016CC287FC146009991C5 /* Test_BlittUITestsLaunchTests.swift */,
			);
			path = "Test BlittUITests";
			sourceTree = "<group>";
		};
/* End PBXGroup section */

/* Begin PBXNativeTarget section */
		0C8016A2287FC145009991C5 /* Test Blitt */ = {
			isa = PBXNativeTarget;
			buildConfigurationList = 0C8016D0287FC146009991C5 /* Build configuration list for PBXNativeTarget "Test Blitt" */;
			buildPhases = (
				0C80169F287FC145009991C5 /* Sources */,
				0C8016A0287FC145009991C5 /* Frameworks */,
				0C8016A1287FC145009991C5 /* Resources */,
			);
			buildRules = (
			);
			dependencies = (
			);
			name = "Test Blitt";
			productName = "Test Blitt";
			productReference = 0C8016A3287FC145009991C5 /* Test Blitt.app */;
			productType = "com.apple.product-type.application";
		};
		0C8016BB287FC146009991C5 /* Test BlittTests */ = {
			isa = PBXNativeTarget;
			buildConfigurationList = 0C8016D3287FC146009991C5 /* Build configuration list for PBXNativeTarget "Test BlittTests" */;
			buildPhases = (
				0C8016B8287FC146009991C5 /* Sources */,
				0C8016B9287FC146009991C5 /* Frameworks */,
				0C8016BA287FC146009991C5 /* Resources */,
			);
			buildRules = (
			);
			dependencies = (
				0C8016BE287FC146009991C5 /* PBXTargetDependency */,
			);
			name = "Test BlittTests";
			productName = "Test BlittTests";
			productReference = 0C8016BC287FC146009991C5 /* Test BlittTests.xctest */;
			productType = "com.apple.product-type.bundle.unit-test";
		};
		0C8016C5287FC146009991C5 /* Test BlittUITests */ = {
			isa = PBXNativeTarget;
			buildConfigurationList = 0C8016D6287FC146009991C5 /* Build configuration list for PBXNativeTarget "Test BlittUITests" */;
			buildPhases = (
				0C8016C2287FC146009991C5 /* Sources */,
				0C8016C3287FC146009991C5 /* Frameworks */,
				0C8016C4287FC146009991C5 /* Resources */,
			);
			buildRules = (
			);
			dependencies = (
				0C8016C8287FC146009991C5 /* PBXTargetDependency */,
			);
			name = "Test BlittUITests";
			productName = "Test BlittUITests";
			productReference = 0C8016C6287FC146009991C5 /* Test BlittUITests.xctest */;
			productType = "com.apple.product-type.bundle.ui-testing";
		};
/* End PBXNativeTarget section */

/* Begin PBXProject section */
		0C80169B287FC145009991C5 /* Project object */ = {
			isa = PBXProject;
			attributes = {
				BuildIndependentTargetsInParallel = 1;
				LastSwiftUpdateCheck = 1340;
				LastUpgradeCheck = 1340;
				TargetAttributes = {
					0C8016A2287FC145009991C5 = {
						CreatedOnToolsVersion = 13.4.1;
					};
					0C8016BB287FC146009991C5 = {
						CreatedOnToolsVersion = 13.4.1;
						TestTargetID = 0C8016A2287FC145009991C5;
					};
					0C8016C5287FC146009991C5 = {
						CreatedOnToolsVersion = 13.4.1;
						TestTargetID = 0C8016A2287FC145009991C5;
					};
				};
			};
			buildConfigurationList = 0C80169E287FC145009991C5 /* Build configuration list for PBXProject "Test Blitt" */;
			compatibilityVersion = "Xcode 13.0";
			developmentRegion = en;
			hasScannedForEncodings = 0;
			knownRegions = (
				en,
				Base,
			);
			mainGroup = 0C80169A287FC145009991C5;
			productRefGroup = 0C8016A4287FC145009991C5 /* Products */;
			projectDirPath = "";
			projectRoot = "";
			targets = (
				0C8016A2287FC145009991C5 /* Test Blitt */,
				0C8016BB287FC146009991C5 /* Test BlittTests */,
				0C8016C5287FC146009991C5 /* Test BlittUITests */,
			);
		};
/* End PBXProject section */

/* Begin PBXResourcesBuildPhase section */
		0C8016A1287FC145009991C5 /* Resources */ = {
			isa = PBXResourcesBuildPhase;
			buildActionMask = 2147483647;
			files = (
				0C8016B6287FC146009991C5 /* LaunchScreen.storyboard in Resources */,
				0C8016B3287FC146009991C5 /* Assets.xcassets in Resources */,
				0C8016AE287FC145009991C5 /* Main.storyboard in Resources */,
			);
			runOnlyForDeploymentPostprocessing = 0;
		};
		0C8016BA287FC146009991C5 /* Resources */ = {
			isa = PBXResourcesBuildPhase;
			buildActionMask = 2147483647;
			files = (
			);
			runOnlyForDeploymentPostprocessing = 0;
		};
		0C8016C4287FC146009991C5 /* Resources */ = {
			isa = PBXResourcesBuildPhase;
			buildActionMask = 2147483647;
			files = (
			);
			runOnlyForDeploymentPostprocessing = 0;
		};
/* End PBXResourcesBuildPhase section */

/* Begin PBXSourcesBuildPhase section */
		0C80169F287FC145009991C5 /* Sources */ = {
			isa = PBXSourcesBuildPhase;
			buildActionMask = 2147483647;
			files = (
				0C8016AB287FC145009991C5 /* ViewController.swift in Sources */,
				0C8016B1287FC145009991C5 /* Test_Blitt.xcdatamodeld in Sources */,
				0C8016A7287FC145009991C5 /* AppDelegate.swift in Sources */,
				0C8016A9287FC145009991C5 /* SceneDelegate.swift in Sources */,
			);
			runOnlyForDeploymentPostprocessing = 0;
		};
		0C8016B8287FC146009991C5 /* Sources */ = {
			isa = PBXSourcesBuildPhase;
			buildActionMask = 2147483647;
			files = (
				0C8016C1287FC146009991C5 /* Test_BlittTests.swift in Sources */,
			);
			runOnlyForDeploymentPostprocessing = 0;
		};
		0C8016C2287FC146009991C5 /* Sources */ = {
			isa = PBXSourcesBuildPhase;
			buildActionMask = 2147483647;
			files = (
				0C8016CD287FC146009991C5 /* Test_BlittUITestsLaunchTests.swift in Sources */,
				0C8016CB287FC146009991C5 /* Test_BlittUITests.swift in Sources */,
			);
			runOnlyForDeploymentPostprocessing = 0;
		};
/* End PBXSourcesBuildPhase section */

/* Begin PBXTargetDependency section */
		0C8016BE287FC146009991C5 /* PBXTargetDependency */ = {
			isa = PBXTargetDependency;
			target = 0C8016A2287FC145009991C5 /* Test Blitt */;
			targetProxy = 0C8016BD287FC146009991C5 /* PBXContainerItemProxy */;
		};
		0C8016C8287FC146009991C5 /* PBXTargetDependency */ = {
			isa = PBXTargetDependency;
			target = 0C8016A2287FC145009991C5 /* Test Blitt */;
			targetProxy = 0C8016C7287FC146009991C5 /* PBXContainerItemProxy */;
		};
/* End PBXTargetDependency section */

/* Begin PBXVariantGroup section */
		0C8016AC287FC145009991C5 /* Main.storyboard */ = {
			isa = PBXVariantGroup;
			children = (
				0C8016AD287FC145009991C5 /* Base */,
			);
			name = Main.storyboard;
			sourceTree = "<group>";
		};
		0C8016B4287FC146009991C5 /* LaunchScreen.storyboard */ = {
			isa = PBXVariantGroup;
			children = (
				0C8016B5287FC146009991C5 /* Base */,
			);
			name = LaunchScreen.storyboard;
			sourceTree = "<group>";
		};
/* End PBXVariantGroup section */

/* Begin XCBuildConfiguration section */
		0C8016CE287FC146009991C5 /* Debug */ = {
			isa = XCBuildConfiguration;
			buildSettings = {
				ALWAYS_SEARCH_USER_PATHS = NO;
				CLANG_ANALYZER_NONNULL = YES;
				CLANG_ANALYZER_NUMBER_OBJECT_CONVERSION = YES_AGGRESSIVE;
				CLANG_CXX_LANGUAGE_STANDARD = "gnu++17";
				CLANG_ENABLE_MODULES = YES;
				CLANG_ENABLE_OBJC_ARC = YES;
				CLANG_ENABLE_OBJC_WEAK = YES;
				CLANG_WARN_BLOCK_CAPTURE_AUTORELEASING = YES;
				CLANG_WARN_BOOL_CONVERSION = YES;
				CLANG_WARN_COMMA = YES;
				CLANG_WARN_CONSTANT_CONVERSION = YES;
				CLANG_WARN_DEPRECATED_OBJC_IMPLEMENTATIONS = YES;
				CLANG_WARN_DIRECT_OBJC_ISA_USAGE = YES_ERROR;
				CLANG_WARN_DOCUMENTATION_COMMENTS = YES;
				CLANG_WARN_EMPTY_BODY = YES;
				CLANG_WARN_ENUM_CONVERSION = YES;
				CLANG_WARN_INFINITE_RECURSION = YES;
				CLANG_WARN_INT_CONVERSION = YES;
				CLANG_WARN_NON_LITERAL_NULL_CONVERSION = YES;
				CLANG_WARN_OBJC_IMPLICIT_RETAIN_SELF = YES;
				CLANG_WARN_OBJC_LITERAL_CONVERSION = YES;
				CLANG_WARN_OBJC_ROOT_CLASS = YES_ERROR;
				CLANG_WARN_QUOTED_INCLUDE_IN_FRAMEWORK_HEADER = YES;
				CLANG_WARN_RANGE_LOOP_ANALYSIS = YES;
				CLANG_WARN_STRICT_PROTOTYPES = YES;
				CLANG_WARN_SUSPICIOUS_MOVE = YES;
				CLANG_WARN_UNGUARDED_AVAILABILITY = YES_AGGRESSIVE;
				CLANG_WARN_UNREACHABLE_CODE = YES;
				CLANG_WARN__DUPLICATE_METHOD_MATCH = YES;
				COPY_PHASE_STRIP = NO;
				DEBUG_INFORMATION_FORMAT = dwarf;
				ENABLE_STRICT_OBJC_MSGSEND = YES;
				ENABLE_TESTABILITY = YES;
				GCC_C_LANGUAGE_STANDARD = gnu11;
				GCC_DYNAMIC_NO_PIC = NO;
				GCC_NO_COMMON_BLOCKS = YES;
				GCC_OPTIMIZATION_LEVEL = 0;
				GCC_PREPROCESSOR_DEFINITIONS = (
					"DEBUG=1",
					"$(inherited)",
				);
				GCC_WARN_64_TO_32_BIT_CONVERSION = YES;
				GCC_WARN_ABOUT_RETURN_TYPE = YES_ERROR;
				GCC_WARN_UNDECLARED_SELECTOR = YES;
				GCC_WARN_UNINITIALIZED_AUTOS = YES_AGGRESSIVE;
				GCC_WARN_UNUSED_FUNCTION = YES;
				GCC_WARN_UNUSED_VARIABLE = YES;
				IPHONEOS_DEPLOYMENT_TARGET = 15.5;
				MTL_ENABLE_DEBUG_INFO = INCLUDE_SOURCE;
				MTL_FAST_MATH = YES;
				ONLY_ACTIVE_ARCH = YES;
				SDKROOT = iphoneos;
				SWIFT_ACTIVE_COMPILATION_CONDITIONS = DEBUG;
				SWIFT_OPTIMIZATION_LEVEL = "-Onone";
			};
			name = Debug;
		};
		0C8016CF287FC146009991C5 /* Release */ = {
			isa = XCBuildConfiguration;
			buildSettings = {
				ALWAYS_SEARCH_USER_PATHS = NO;
				CLANG_ANALYZER_NONNULL = YES;
				CLANG_ANALYZER_NUMBER_OBJECT_CONVERSION = YES_AGGRESSIVE;
				CLANG_CXX_LANGUAGE_STANDARD = "gnu++17";
				CLANG_ENABLE_MODULES = YES;
				CLANG_ENABLE_OBJC_ARC = YES;
				CLANG_ENABLE_OBJC_WEAK = YES;
				CLANG_WARN_BLOCK_CAPTURE_AUTORELEASING = YES;
				CLANG_WARN_BOOL_CONVERSION = YES;
				CLANG_WARN_COMMA = YES;
				CLANG_WARN_CONSTANT_CONVERSION = YES;
				CLANG_WARN_DEPRECATED_OBJC_IMPLEMENTATIONS = YES;
				CLANG_WARN_DIRECT_OBJC_ISA_USAGE = YES_ERROR;
				CLANG_WARN_DOCUMENTATION_COMMENTS = YES;
				CLANG_WARN_EMPTY_BODY = YES;
				CLANG_WARN_ENUM_CONVERSION = YES;
				CLANG_WARN_INFINITE_RECURSION = YES;
				CLANG_WARN_INT_CONVERSION = YES;
				CLANG_WARN_NON_LITERAL_NULL_CONVERSION = YES;
				CLANG_WARN_OBJC_IMPLICIT_RETAIN_SELF = YES;
				CLANG_WARN_OBJC_LITERAL_CONVERSION = YES;
				CLANG_WARN_OBJC_ROOT_CLASS = YES_ERROR;
				CLANG_WARN_QUOTED_INCLUDE_IN_FRAMEWORK_HEADER = YES;
				CLANG_WARN_RANGE_LOOP_ANALYSIS = YES;
				CLANG_WARN_STRICT_PROTOTYPES = YES;
				CLANG_WARN_SUSPICIOUS_MOVE = YES;
				CLANG_WARN_UNGUARDED_AVAILABILITY = YES_AGGRESSIVE;
				CLANG_WARN_UNREACHABLE_CODE = YES;
				CLANG_WARN__DUPLICATE_METHOD_MATCH = YES;
				COPY_PHASE_STRIP = NO;
				DEBUG_INFORMATION_FORMAT = "dwarf-with-dsym";
				ENABLE_NS_ASSERTIONS = NO;
				ENABLE_STRICT_OBJC_MSGSEND = YES;
				GCC_C_LANGUAGE_STANDARD = gnu11;
				GCC_NO_COMMON_BLOCKS = YES;
				GCC_WARN_64_TO_32_BIT_CONVERSION = YES;
				GCC_WARN_ABOUT_RETURN_TYPE = YES_ERROR;
				GCC_WARN_UNDECLARED_SELECTOR = YES;
				GCC_WARN_UNINITIALIZED_AUTOS = YES_AGGRESSIVE;
				GCC_WARN_UNUSED_FUNCTION = YES;
				GCC_WARN_UNUSED_VARIABLE = YES;
				IPHONEOS_DEPLOYMENT_TARGET = 15.5;
				MTL_ENABLE_DEBUG_INFO = NO;
				MTL_FAST_MATH = YES;
				SDKROOT = iphoneos;
				SWIFT_COMPILATION_MODE = wholemodule;
				SWIFT_OPTIMIZATION_LEVEL = "-O";
				VALIDATE_PRODUCT = YES;
			};
			name = Release;
		};
		0C8016D1287FC146009991C5 /* Debug */ = {
			isa = XCBuildConfiguration;
			buildSettings = {
				ASSETCATALOG_COMPILER_APPICON_NAME = AppIcon;
				ASSETCATALOG_COMPILER_GLOBAL_ACCENT_COLOR_NAME = AccentColor;
				CODE_SIGN_STYLE = Automatic;
				CURRENT_PROJECT_VERSION = 1;
				DEVELOPMENT_TEAM = CL42QD4LKB;
				GENERATE_INFOPLIST_FILE = YES;
				INFOPLIST_FILE = "Test Blitt/Info.plist";
				INFOPLIST_KEY_UIApplicationSupportsIndirectInputEvents = YES;
				INFOPLIST_KEY_UILaunchStoryboardName = LaunchScreen;
				INFOPLIST_KEY_UIMainStoryboardFile = Main;
				INFOPLIST_KEY_UISupportedInterfaceOrientations_iPad = "UIInterfaceOrientationPortrait UIInterfaceOrientationPortraitUpsideDown UIInterfaceOrientationLandscapeLeft UIInterfaceOrientationLandscapeRight";
				INFOPLIST_KEY_UISupportedInterfaceOrientations_iPhone = "UIInterfaceOrientationPortrait UIInterfaceOrientationLandscapeLeft UIInterfaceOrientationLandscapeRight";
				LD_RUNPATH_SEARCH_PATHS = (
					"$(inherited)",
					"@executable_path/Frameworks",
				);
				MARKETING_VERSION = 1.0;
				PRODUCT_BUNDLE_IDENTIFIER = "id.gregorius.Test-Blitt";
				PRODUCT_NAME = "$(TARGET_NAME)";
				SWIFT_EMIT_LOC_STRINGS = YES;
				SWIFT_VERSION = 5.0;
				TARGETED_DEVICE_FAMILY = "1,2";
			};
			name = Debug;
		};
		0C8016D2287FC146009991C5 /* Release */ = {
			isa = XCBuildConfiguration;
			buildSettings = {
				ASSETCATALOG_COMPILER_APPICON_NAME = AppIcon;
				ASSETCATALOG_COMPILER_GLOBAL_ACCENT_COLOR_NAME = AccentColor;
				CODE_SIGN_STYLE = Automatic;
				CURRENT_PROJECT_VERSION = 1;
				DEVELOPMENT_TEAM = CL42QD4LKB;
				GENERATE_INFOPLIST_FILE = YES;
				INFOPLIST_FILE = "Test Blitt/Info.plist";
				INFOPLIST_KEY_UIApplicationSupportsIndirectInputEvents = YES;
				INFOPLIST_KEY_UILaunchStoryboardName = LaunchScreen;
				INFOPLIST_KEY_UIMainStoryboardFile = Main;
				INFOPLIST_KEY_UISupportedInterfaceOrientations_iPad = "UIInterfaceOrientationPortrait UIInterfaceOrientationPortraitUpsideDown UIInterfaceOrientationLandscapeLeft UIInterfaceOrientationLandscapeRight";
				INFOPLIST_KEY_UISupportedInterfaceOrientations_iPhone = "UIInterfaceOrientationPortrait UIInterfaceOrientationLandscapeLeft UIInterfaceOrientationLandscapeRight";
				LD_RUNPATH_SEARCH_PATHS = (
					"$(inherited)",
					"@executable_path/Frameworks",
				);
				MARKETING_VERSION = 1.0;
				PRODUCT_BUNDLE_IDENTIFIER = "id.gregorius.Test-Blitt";
				PRODUCT_NAME = "$(TARGET_NAME)";
				SWIFT_EMIT_LOC_STRINGS = YES;
				SWIFT_VERSION = 5.0;
				TARGETED_DEVICE_FAMILY = "1,2";
			};
			name = Release;
		};
		0C8016D4287FC146009991C5 /* Debug */ = {
			isa = XCBuildConfiguration;
			buildSettings = {
				ALWAYS_EMBED_SWIFT_STANDARD_LIBRARIES = YES;
				BUNDLE_LOADER = "$(TEST_HOST)";
				CODE_SIGN_STYLE = Automatic;
				CURRENT_PROJECT_VERSION = 1;
				DEVELOPMENT_TEAM = CL42QD4LKB;
				GENERATE_INFOPLIST_FILE = YES;
				IPHONEOS_DEPLOYMENT_TARGET = 15.5;
				MARKETING_VERSION = 1.0;
				PRODUCT_BUNDLE_IDENTIFIER = "id.gregorius.Test-BlittTests";
				PRODUCT_NAME = "$(TARGET_NAME)";
				SWIFT_EMIT_LOC_STRINGS = NO;
				SWIFT_VERSION = 5.0;
				TARGETED_DEVICE_FAMILY = "1,2";
				TEST_HOST = "$(BUILT_PRODUCTS_DIR)/Test Blitt.app/Test Blitt";
			};
			name = Debug;
		};
		0C8016D5287FC146009991C5 /* Release */ = {
			isa = XCBuildConfiguration;
			buildSettings = {
				ALWAYS_EMBED_SWIFT_STANDARD_LIBRARIES = YES;
				BUNDLE_LOADER = "$(TEST_HOST)";
				CODE_SIGN_STYLE = Automatic;
				CURRENT_PROJECT_VERSION = 1;
				DEVELOPMENT_TEAM = CL42QD4LKB;
				GENERATE_INFOPLIST_FILE = YES;
				IPHONEOS_DEPLOYMENT_TARGET = 15.5;
				MARKETING_VERSION = 1.0;
				PRODUCT_BUNDLE_IDENTIFIER = "id.gregorius.Test-BlittTests";
				PRODUCT_NAME = "$(TARGET_NAME)";
				SWIFT_EMIT_LOC_STRINGS = NO;
				SWIFT_VERSION = 5.0;
				TARGETED_DEVICE_FAMILY = "1,2";
				TEST_HOST = "$(BUILT_PRODUCTS_DIR)/Test Blitt.app/Test Blitt";
			};
			name = Release;
		};
		0C8016D7287FC146009991C5 /* Debug */ = {
			isa = XCBuildConfiguration;
			buildSettings = {
				ALWAYS_EMBED_SWIFT_STANDARD_LIBRARIES = YES;
				CODE_SIGN_STYLE = Automatic;
				CURRENT_PROJECT_VERSION = 1;
				DEVELOPMENT_TEAM = CL42QD4LKB;
				GENERATE_INFOPLIST_FILE = YES;
				MARKETING_VERSION = 1.0;
				PRODUCT_BUNDLE_IDENTIFIER = "id.gregorius.Test-BlittUITests";
				PRODUCT_NAME = "$(TARGET_NAME)";
				SWIFT_EMIT_LOC_STRINGS = NO;
				SWIFT_VERSION = 5.0;
				TARGETED_DEVICE_FAMILY = "1,2";
				TEST_TARGET_NAME = "Test Blitt";
			};
			name = Debug;
		};
		0C8016D8287FC146009991C5 /* Release */ = {
			isa = XCBuildConfiguration;
			buildSettings = {
				ALWAYS_EMBED_SWIFT_STANDARD_LIBRARIES = YES;
				CODE_SIGN_STYLE = Automatic;
				CURRENT_PROJECT_VERSION = 1;
				DEVELOPMENT_TEAM = CL42QD4LKB;
				GENERATE_INFOPLIST_FILE = YES;
				MARKETING_VERSION = 1.0;
				PRODUCT_BUNDLE_IDENTIFIER = "id.gregorius.Test-BlittUITests";
				PRODUCT_NAME = "$(TARGET_NAME)";
				SWIFT_EMIT_LOC_STRINGS = NO;
				SWIFT_VERSION = 5.0;
				TARGETED_DEVICE_FAMILY = "1,2";
				TEST_TARGET_NAME = "Test Blitt";
			};
			name = Release;
		};
/* End XCBuildConfiguration section */

/* Begin XCConfigurationList section */
		0C80169E287FC145009991C5 /* Build configuration list for PBXProject "Test Blitt" */ = {
			isa = XCConfigurationList;
			buildConfigurations = (
				0C8016CE287FC146009991C5 /* Debug */,
				0C8016CF287FC146009991C5 /* Release */,
			);
			defaultConfigurationIsVisible = 0;
			defaultConfigurationName = Release;
		};
		0C8016D0287FC146009991C5 /* Build configuration list for PBXNativeTarget "Test Blitt" */ = {
			isa = XCConfigurationList;
			buildConfigurations = (
				0C8016D1287FC146009991C5 /* Debug */,
				0C8016D2287FC146009991C5 /* Release */,
			);
			defaultConfigurationIsVisible = 0;
			defaultConfigurationName = Release;
		};
		0C8016D3287FC146009991C5 /* Build configuration list for PBXNativeTarget "Test BlittTests" */ = {
			isa = XCConfigurationList;
			buildConfigurations = (
				0C8016D4287FC146009991C5 /* Debug */,
				0C8016D5287FC146009991C5 /* Release */,
			);
			defaultConfigurationIsVisible = 0;
			defaultConfigurationName = Release;
		};
		0C8016D6287FC146009991C5 /* Build configuration list for PBXNativeTarget "Test BlittUITests" */ = {
			isa = XCConfigurationList;
			buildConfigurations = (
				0C8016D7287FC146009991C5 /* Debug */,
				0C8016D8287FC146009991C5 /* Release */,
			);
			defaultConfigurationIsVisible = 0;
			defaultConfigurationName = Release;
		};
/* End XCConfigurationList section */

/* Begin XCVersionGroup section */
		0C8016AF287FC145009991C5 /* Test_Blitt.xcdatamodeld */ = {
			isa = XCVersionGroup;
			children = (
				0C8016B0287FC145009991C5 /* Test_Blitt.xcdatamodel */,
			);
			currentVersion = 0C8016B0287FC145009991C5 /* Test_Blitt.xcdatamodel */;
			path = Test_Blitt.xcdatamodeld;
			sourceTree = "<group>";
			versionGroupType = wrapper.xcdatamodel;
		};
/* End XCVersionGroup section */
	};
	rootObject = 0C80169B287FC145009991C5 /* Project object */;
}
